<Solution>
  <Folder Name="/src/" />
  <Folder Name="/src/ApiGateway/">
    <Project Path="src/ApiGateway/SuperMarket.Gateway/SuperMarket.Gateway.csproj" />
  </Folder>
  <Folder Name="/src/BuildingBlocks/">
    <Project Path="src/BuildingBlocks/SuperMarket.BuildingBlocks/SuperMarket.BuildingBlocks.csproj" />
  </Folder>
  <Folder Name="/src/Services/" />
  <Folder Name="/src/Services/Identity/">
    <Project Path="src/Services/Identity/SuperMarket.Identity.API/SuperMarket.Identity.API.csproj" />
    <Project Path="src/Services/Identity/SuperMarket.Identity.Application/SuperMarket.Identity.Application.csproj" />
    <Project Path="src/Services/Identity/SuperMarket.Identity.Domain/SuperMarket.Identity.Domain.csproj" />
    <Project Path="src/Services/Identity/SuperMarket.Identity.Infrastructure/SuperMarket.Identity.Infrastructure.csproj" />
  </Folder>
  <Folder Name="/src/Services/Inventory/">
    <Project Path="src/Services/Inventory/SuperMarket.Inventory.API/SuperMarket.Inventory.API.csproj" />
    <Project Path="src/Services/Inventory/SuperMarket.Inventory.Application/SuperMarket.Inventory.Application.csproj" />
    <Project Path="src/Services/Inventory/SuperMarket.Inventory.Domain/SuperMarket.Inventory.Domain.csproj" />
    <Project Path="src/Services/Inventory/SuperMarket.Inventory.Infrastructure/SuperMarket.Inventory.Infrastructure.csproj" />
  </Folder>
  <Folder Name="/src/Services/Operations/">
    <Project Path="src/Services/Operations/SuperMarket.Operations.API/SuperMarket.Operations.API.csproj" />
    <Project Path="src/Services/Operations/SuperMarket.Operations.Application/SuperMarket.Operations.Application.csproj" />
    <Project Path="src/Services/Operations/SuperMarket.Operations.Domain/SuperMarket.Operations.Domain.csproj" />
    <Project Path="src/Services/Operations/SuperMarket.Operations.Infrastructure/SuperMarket.Operations.Infrastructure.csproj" />
  </Folder>
  <Folder Name="/src/Services/Sales/">
    <Project Path="src/Services/Sales/SuperMarket.Sales.API/SuperMarket.Sales.API.csproj" />
    <Project Path="src/Services/Sales/SuperMarket.Sales.Application/SuperMarket.Sales.Application.csproj" />
    <Project Path="src/Services/Sales/SuperMarket.Sales.Domain/SuperMarket.Sales.Domain.csproj" />
    <Project Path="src/Services/Sales/SuperMarket.Sales.Infrastructure/SuperMarket.Sales.Infrastructure.csproj" />
  </Folder>
</Solution>
